Microsoft Visual Studio Solution File, Format Version 12.00
# Visual Studio Version 17
VisualStudioVersion = 17.5.2.0
MinimumVisualStudioVersion = 10.0.40219.1
Project("{2150E333-8FDC-42A3-9474-1A3956D46DE8}") = "DemoECommerce.ProductApiSolution", "DemoECommerce.ProductApiSolution", "{06777C2E-35DB-A8B2-E73C-A1D835B6F5D9}"
EndProject
Project("{2150E333-8FDC-42A3-9474-1A3956D46DE8}") = "DemoEcommerce.OrderApiSolution", "DemoEcommerce.OrderApiSolution", "{6460FC98-1427-E9B4-CB0A-F084C3A1D344}"
EndProject
Project("{2150E333-8FDC-42A3-9474-1A3956D46DE8}") = "DemoECommerce.SharedLibrarySolution", "DemoECommerce.SharedLibrarySolution", "{1A6E557D-6AE3-6AED-69E0-3911C58BE856}"
EndProject
Project("{FAE04EC0-301F-11D3-BF4B-00C04F79EFBC}") = "ProductApi.Domain", "DemoECommerce.ProductApiSolution\ProductApi.Domain\ProductApi.Domain.csproj", "{EB0F6EFD-E66E-43EC-C04F-24F67A99F981}"
EndProject
Project("{FAE04EC0-301F-11D3-BF4B-00C04F79EFBC}") = "ProductApi.Infrastructure", "DemoECommerce.ProductApiSolution\ProductApi.Infrastructure\ProductApi.Infrastructure.csproj", "{D41164C0-1BA8-2074-824A-15478E475C36}"
EndProject
Project("{FAE04EC0-301F-11D3-BF4B-00C04F79EFBC}") = "ProductApi.Application", "DemoECommerce.ProductApiSolution\ProductApi.Application\ProductApi.Application.csproj", "{92E49B02-917D-D77F-4562-A8D4A2AF17CB}"
EndProject
Project("{FAE04EC0-301F-11D3-BF4B-00C04F79EFBC}") = "ProductApi.Presentation", "DemoECommerce.ProductApiSolution\ProductApi.Presentation\ProductApi.Presentation.csproj", "{E2711F9D-023C-C173-1328-B41A97FAFF9A}"
EndProject
Project("{FAE04EC0-301F-11D3-BF4B-00C04F79EFBC}") = "OrderApi.Infrastructure", "DemoEcommerce.OrderApiSolution\OrderApi.Infrastructure\OrderApi.Infrastructure.csproj", "{23F0D97B-69F5-59E5-FDE4-EEC6BB6912C5}"
EndProject
Project("{FAE04EC0-301F-11D3-BF4B-00C04F79EFBC}") = "OrderApi.Presentation", "DemoEcommerce.OrderApiSolution\OrderApi.Presentation\OrderApi.Presentation.csproj", "{0DA80259-2507-19DF-6C53-C888D7EC407E}"
EndProject
Project("{FAE04EC0-301F-11D3-BF4B-00C04F79EFBC}") = "OrderApi.Domain", "DemoEcommerce.OrderApiSolution\OrderApi.Domain\OrderApi.Domain.csproj", "{A59B2888-1E1D-8FA6-FA84-98C73D5F08FA}"
EndProject
Project("{FAE04EC0-301F-11D3-BF4B-00C04F79EFBC}") = "OrderApi.Application", "DemoEcommerce.OrderApiSolution\OrderApi.Application\OrderApi.Application.csproj", "{4AE140F1-9E20-E6AA-333F-39AF1DDFE383}"
EndProject
Project("{FAE04EC0-301F-11D3-BF4B-00C04F79EFBC}") = "eCommerce.SharedLibrary", "DemoECommerce.SharedLibrarySolution\eCommerce.SharedLibrary\eCommerce.SharedLibrary.csproj", "{0BE8CF12-AE40-CF22-1027-BBF9E6BA1104}"
EndProject
Global
	GlobalSection(SolutionConfigurationPlatforms) = preSolution
		Debug|Any CPU = Debug|Any CPU
		Release|Any CPU = Release|Any CPU
	EndGlobalSection
	GlobalSection(ProjectConfigurationPlatforms) = postSolution
		{EB0F6EFD-E66E-43EC-C04F-24F67A99F981}.Debug|Any CPU.ActiveCfg = Debug|Any CPU
		{EB0F6EFD-E66E-43EC-C04F-24F67A99F981}.Debug|Any CPU.Build.0 = Debug|Any CPU
		{EB0F6EFD-E66E-43EC-C04F-24F67A99F981}.Release|Any CPU.ActiveCfg = Release|Any CPU
		{EB0F6EFD-E66E-43EC-C04F-24F67A99F981}.Release|Any CPU.Build.0 = Release|Any CPU
		{D41164C0-1BA8-2074-824A-15478E475C36}.Debug|Any CPU.ActiveCfg = Debug|Any CPU
		{D41164C0-1BA8-2074-824A-15478E475C36}.Debug|Any CPU.Build.0 = Debug|Any CPU
		{D41164C0-1BA8-2074-824A-15478E475C36}.Release|Any CPU.ActiveCfg = Release|Any CPU
		{D41164C0-1BA8-2074-824A-15478E475C36}.Release|Any CPU.Build.0 = Release|Any CPU
		{92E49B02-917D-D77F-4562-A8D4A2AF17CB}.Debug|Any CPU.ActiveCfg = Debug|Any CPU
		{92E49B02-917D-D77F-4562-A8D4A2AF17CB}.Debug|Any CPU.Build.0 = Debug|Any CPU
		{92E49B02-917D-D77F-4562-A8D4A2AF17CB}.Release|Any CPU.ActiveCfg = Release|Any CPU
		{92E49B02-917D-D77F-4562-A8D4A2AF17CB}.Release|Any CPU.Build.0 = Release|Any CPU
		{E2711F9D-023C-C173-1328-B41A97FAFF9A}.Debug|Any CPU.ActiveCfg = Debug|Any CPU
		{E2711F9D-023C-C173-1328-B41A97FAFF9A}.Debug|Any CPU.Build.0 = Debug|Any CPU
		{E2711F9D-023C-C173-1328-B41A97FAFF9A}.Release|Any CPU.ActiveCfg = Release|Any CPU
		{E2711F9D-023C-C173-1328-B41A97FAFF9A}.Release|Any CPU.Build.0 = Release|Any CPU
		{23F0D97B-69F5-59E5-FDE4-EEC6BB6912C5}.Debug|Any CPU.ActiveCfg = Debug|Any CPU
		{23F0D97B-69F5-59E5-FDE4-EEC6BB6912C5}.Debug|Any CPU.Build.0 = Debug|Any CPU
		{23F0D97B-69F5-59E5-FDE4-EEC6BB6912C5}.Release|Any CPU.ActiveCfg = Release|Any CPU
		{23F0D97B-69F5-59E5-FDE4-EEC6BB6912C5}.Release|Any CPU.Build.0 = Release|Any CPU
		{0DA80259-2507-19DF-6C53-C888D7EC407E}.Debug|Any CPU.ActiveCfg = Debug|Any CPU
		{0DA80259-2507-19DF-6C53-C888D7EC407E}.Debug|Any CPU.Build.0 = Debug|Any CPU
		{0DA80259-2507-19DF-6C53-C888D7EC407E}.Release|Any CPU.ActiveCfg = Release|Any CPU
		{0DA80259-2507-19DF-6C53-C888D7EC407E}.Release|Any CPU.Build.0 = Release|Any CPU
		{A59B2888-1E1D-8FA6-FA84-98C73D5F08FA}.Debug|Any CPU.ActiveCfg = Debug|Any CPU
		{A59B2888-1E1D-8FA6-FA84-98C73D5F08FA}.Debug|Any CPU.Build.0 = Debug|Any CPU
		{A59B2888-1E1D-8FA6-FA84-98C73D5F08FA}.Release|Any CPU.ActiveCfg = Release|Any CPU
		{A59B2888-1E1D-8FA6-FA84-98C73D5F08FA}.Release|Any CPU.Build.0 = Release|Any CPU
		{4AE140F1-9E20-E6AA-333F-39AF1DDFE383}.Debug|Any CPU.ActiveCfg = Debug|Any CPU
		{4AE140F1-9E20-E6AA-333F-39AF1DDFE383}.Debug|Any CPU.Build.0 = Debug|Any CPU
		{4AE140F1-9E20-E6AA-333F-39AF1DDFE383}.Release|Any CPU.ActiveCfg = Release|Any CPU
		{4AE140F1-9E20-E6AA-333F-39AF1DDFE383}.Release|Any CPU.Build.0 = Release|Any CPU
		{0BE8CF12-AE40-CF22-1027-BBF9E6BA1104}.Debug|Any CPU.ActiveCfg = Debug|Any CPU
		{0BE8CF12-AE40-CF22-1027-BBF9E6BA1104}.Debug|Any CPU.Build.0 = Debug|Any CPU
		{0BE8CF12-AE40-CF22-1027-BBF9E6BA1104}.Release|Any CPU.ActiveCfg = Release|Any CPU
		{0BE8CF12-AE40-CF22-1027-BBF9E6BA1104}.Release|Any CPU.Build.0 = Release|Any CPU
	EndGlobalSection
	GlobalSection(SolutionProperties) = preSolution
		HideSolutionNode = FALSE
	EndGlobalSection
	GlobalSection(NestedProjects) = preSolution
		{EB0F6EFD-E66E-43EC-C04F-24F67A99F981} = {06777C2E-35DB-A8B2-E73C-A1D835B6F5D9}
		{D41164C0-1BA8-2074-824A-15478E475C36} = {06777C2E-35DB-A8B2-E73C-A1D835B6F5D9}
		{92E49B02-917D-D77F-4562-A8D4A2AF17CB} = {06777C2E-35DB-A8B2-E73C-A1D835B6F5D9}
		{E2711F9D-023C-C173-1328-B41A97FAFF9A} = {06777C2E-35DB-A8B2-E73C-A1D835B6F5D9}
		{23F0D97B-69F5-59E5-FDE4-EEC6BB6912C5} = {6460FC98-1427-E9B4-CB0A-F084C3A1D344}
		{0DA80259-2507-19DF-6C53-C888D7EC407E} = {6460FC98-1427-E9B4-CB0A-F084C3A1D344}
		{A59B2888-1E1D-8FA6-FA84-98C73D5F08FA} = {6460FC98-1427-E9B4-CB0A-F084C3A1D344}
		{4AE140F1-9E20-E6AA-333F-39AF1DDFE383} = {6460FC98-1427-E9B4-CB0A-F084C3A1D344}
		{0BE8CF12-AE40-CF22-1027-BBF9E6BA1104} = {1A6E557D-6AE3-6AED-69E0-3911C58BE856}
	EndGlobalSection
	GlobalSection(ExtensibilityGlobals) = postSolution
		SolutionGuid = {DF4B0447-D568-4C83-9441-E6D250F4BAA1}
	EndGlobalSection
EndGlobal
