Microsoft Visual Studio Solution File, Format Version 12.00
# Visual Studio Version 17
VisualStudioVersion = 17.5.2.0
MinimumVisualStudioVersion = 10.0.40219.1
Project("{2150E333-8FDC-42A3-9474-1A3956D46DE8}") = "DemoECommerce.SharedLibrarySolution", "DemoECommerce.SharedLibrarySolution", "{1A6E557D-6AE3-6AED-69E0-3911C58BE856}"
EndProject
Project("{FAE04EC0-301F-11D3-BF4B-00C04F79EFBC}") = "eCommerce.SharedLibrary", "DemoECommerce.SharedLibrarySolution\eCommerce.SharedLibrary\eCommerce.SharedLibrary.csproj", "{0BE8CF12-AE40-CF22-1027-BBF9E6BA1104}"
EndProject
Global
	GlobalSection(SolutionConfigurationPlatforms) = preSolution
		Debug|Any CPU = Debug|Any CPU
		Release|Any CPU = Release|Any CPU
	EndGlobalSection
	GlobalSection(ProjectConfigurationPlatforms) = postSolution
		{0BE8CF12-AE40-CF22-1027-BBF9E6BA1104}.Debug|Any CPU.ActiveCfg = Debug|Any CPU
		{0BE8CF12-AE40-CF22-1027-BBF9E6BA1104}.Debug|Any CPU.Build.0 = Debug|Any CPU
		{0BE8CF12-AE40-CF22-1027-BBF9E6BA1104}.Release|Any CPU.ActiveCfg = Release|Any CPU
		{0BE8CF12-AE40-CF22-1027-BBF9E6BA1104}.Release|Any CPU.Build.0 = Release|Any CPU
	EndGlobalSection
	GlobalSection(SolutionProperties) = preSolution
		HideSolutionNode = FALSE
	EndGlobalSection
	GlobalSection(NestedProjects) = preSolution
		{0BE8CF12-AE40-CF22-1027-BBF9E6BA1104} = {1A6E557D-6AE3-6AED-69E0-3911C58BE856}
	EndGlobalSection
	GlobalSection(ExtensibilityGlobals) = postSolution
		SolutionGuid = {5208BD28-CFA2-4E6C-B4AC-11D079BF3AF7}
	EndGlobalSection
EndGlobal
